
Microsoft Visual Studio Solution File, Format Version 12.00
# Visual Studio Version 17
VisualStudioVersion = 17.5.33516.290
MinimumVisualStudioVersion = 10.0.40219.1
Project("{FAE04EC0-301F-11D3-BF4B-00C04F79EFBC}") = "csharp_days", "csharp_days.csproj", "{3A833065-075E-434B-AF1E-731695819E38}"
EndProject
Global
	GlobalSection(SolutionConfigurationPlatforms) = preSolution
		Debug|Any CPU = Debug|Any CPU
		Release|Any CPU = Release|Any CPU
	EndGlobalSection
	GlobalSection(ProjectConfigurationPlatforms) = postSolution
		{3A833065-075E-434B-AF1E-731695819E38}.Debug|Any CPU.ActiveCfg = Debug|Any CPU
		{3A833065-075E-434B-AF1E-731695819E38}.Debug|Any CPU.Build.0 = Debug|Any CPU
		{3A833065-075E-434B-AF1E-731695819E38}.Release|Any CPU.ActiveCfg = Release|Any CPU
		{3A833065-075E-434B-AF1E-731695819E38}.Release|Any CPU.Build.0 = Release|Any CPU
	EndGlobalSection
	GlobalSection(SolutionProperties) = preSolution
		HideSolutionNode = FALSE
	EndGlobalSection
	GlobalSection(ExtensibilityGlobals) = postSolution
		SolutionGuid = {48EC0F88-5DEC-4326-881D-BA11AB5C6F9E}
	EndGlobalSection
EndGlobal
